
Microsoft Visual Studio Solution File, Format Version 12.00
# Visual Studio Version 17
VisualStudioVersion = 17.3.32929.385
MinimumVisualStudioVersion = 10.0.40219.1
Project("{FAE04EC0-301F-11D3-BF4B-00C04F79EFBC}") = "MIS-Prog-App", "MIS-Prog-App\MIS-Prog-App.csproj", "{EF23B273-4B1C-41F3-8FAF-60989FB695FC}"
EndProject
Global
	GlobalSection(SolutionConfigurationPlatforms) = preSolution
		Debug|Any CPU = Debug|Any CPU
		Release|Any CPU = Release|Any CPU
	EndGlobalSection
	GlobalSection(ProjectConfigurationPlatforms) = postSolution
		{EF23B273-4B1C-41F3-8FAF-60989FB695FC}.Debug|Any CPU.ActiveCfg = Debug|Any CPU
		{EF23B273-4B1C-41F3-8FAF-60989FB695FC}.Debug|Any CPU.Build.0 = Debug|Any CPU
		{EF23B273-4B1C-41F3-8FAF-60989FB695FC}.Release|Any CPU.ActiveCfg = Release|Any CPU
		{EF23B273-4B1C-41F3-8FAF-60989FB695FC}.Release|Any CPU.Build.0 = Release|Any CPU
	EndGlobalSection
	GlobalSection(SolutionProperties) = preSolution
		HideSolutionNode = FALSE
	EndGlobalSection
	GlobalSection(ExtensibilityGlobals) = postSolution
		SolutionGuid = {C20E3CCA-C895-4BBD-9D14-88DB36AEDECF}
	EndGlobalSection
EndGlobal
